
Microsoft Visual Studio Solution File, Format Version 12.00
# Visual Studio Version 17
VisualStudioVersion = 17.3.32929.385
MinimumVisualStudioVersion = 10.0.40219.1
Project("{FAE04EC0-301F-11D3-BF4B-00C04F79EFBC}") = "exercise6", "exercise6\exercise6.csproj", "{E69FDA23-D1C6-4017-A468-1D02CF82B4B6}"
EndProject
Global
	GlobalSection(SolutionConfigurationPlatforms) = preSolution
		Debug|Any CPU = Debug|Any CPU
		Release|Any CPU = Release|Any CPU
	EndGlobalSection
	GlobalSection(ProjectConfigurationPlatforms) = postSolution
		{E69FDA23-D1C6-4017-A468-1D02CF82B4B6}.Debug|Any CPU.ActiveCfg = Debug|Any CPU
		{E69FDA23-D1C6-4017-A468-1D02CF82B4B6}.Debug|Any CPU.Build.0 = Debug|Any CPU
		{E69FDA23-D1C6-4017-A468-1D02CF82B4B6}.Release|Any CPU.ActiveCfg = Release|Any CPU
		{E69FDA23-D1C6-4017-A468-1D02CF82B4B6}.Release|Any CPU.Build.0 = Release|Any CPU
	EndGlobalSection
	GlobalSection(SolutionProperties) = preSolution
		HideSolutionNode = FALSE
	EndGlobalSection
	GlobalSection(ExtensibilityGlobals) = postSolution
		SolutionGuid = {12AE93B0-4744-4F06-A58B-274675FEFDC3}
	EndGlobalSection
EndGlobal
