
Microsoft Visual Studio Solution File, Format Version 12.00
# Visual Studio Version 17
VisualStudioVersion = 17.3.32929.385
MinimumVisualStudioVersion = 10.0.40219.1
Project("{FAE04EC0-301F-11D3-BF4B-00C04F79EFBC}") = "exercise2", "exercise2\exercise2.csproj", "{A9D2700F-1780-464C-AD9C-9F6CC4A48D59}"
EndProject
Global
	GlobalSection(SolutionConfigurationPlatforms) = preSolution
		Debug|Any CPU = Debug|Any CPU
		Release|Any CPU = Release|Any CPU
	EndGlobalSection
	GlobalSection(ProjectConfigurationPlatforms) = postSolution
		{A9D2700F-1780-464C-AD9C-9F6CC4A48D59}.Debug|Any CPU.ActiveCfg = Debug|Any CPU
		{A9D2700F-1780-464C-AD9C-9F6CC4A48D59}.Debug|Any CPU.Build.0 = Debug|Any CPU
		{A9D2700F-1780-464C-AD9C-9F6CC4A48D59}.Release|Any CPU.ActiveCfg = Release|Any CPU
		{A9D2700F-1780-464C-AD9C-9F6CC4A48D59}.Release|Any CPU.Build.0 = Release|Any CPU
	EndGlobalSection
	GlobalSection(SolutionProperties) = preSolution
		HideSolutionNode = FALSE
	EndGlobalSection
	GlobalSection(ExtensibilityGlobals) = postSolution
		SolutionGuid = {82E80FEF-8DF2-4238-A1D8-3A612816DC10}
	EndGlobalSection
EndGlobal
